
Microsoft Visual Studio Solution File, Format Version 12.00
# Visual Studio 2013
VisualStudioVersion = 12.0.30501.0
MinimumVisualStudioVersion = 10.0.40219.1
Project("{8BC9CEB8-8B4A-11D0-8D11-00A0C91BC942}") = "KI_17_Lab2_OOP", "KI_17_Lab2_OOP\KI_17_Lab2_OOP.vcxproj", "{A22D0AF0-E067-4458-8EC6-0F662559A226}"
EndProject
Global
	GlobalSection(SolutionConfigurationPlatforms) = preSolution
		Debug|Win32 = Debug|Win32
		Release|Win32 = Release|Win32
	EndGlobalSection
	GlobalSection(ProjectConfigurationPlatforms) = postSolution
		{A22D0AF0-E067-4458-8EC6-0F662559A226}.Debug|Win32.ActiveCfg = Debug|Win32
		{A22D0AF0-E067-4458-8EC6-0F662559A226}.Debug|Win32.Build.0 = Debug|Win32
		{A22D0AF0-E067-4458-8EC6-0F662559A226}.Release|Win32.ActiveCfg = Release|Win32
		{A22D0AF0-E067-4458-8EC6-0F662559A226}.Release|Win32.Build.0 = Release|Win32
	EndGlobalSection
	GlobalSection(SolutionProperties) = preSolution
		HideSolutionNode = FALSE
	EndGlobalSection
EndGlobal
